
Microsoft Visual Studio Solution File, Format Version 12.00
# Visual Studio Version 17
VisualStudioVersion = 17.5.33424.131
MinimumVisualStudioVersion = 10.0.40219.1
Project("{FAE04EC0-301F-11D3-BF4B-00C04F79EFBC}") = "ConsoleApp2", "ConsoleApp2\ConsoleApp2.csproj", "{0BABD344-7F47-44DC-B751-A0F7E1E2087A}"
EndProject
Global
	GlobalSection(SolutionConfigurationPlatforms) = preSolution
		Debug|Any CPU = Debug|Any CPU
		Release|Any CPU = Release|Any CPU
	EndGlobalSection
	GlobalSection(ProjectConfigurationPlatforms) = postSolution
		{0BABD344-7F47-44DC-B751-A0F7E1E2087A}.Debug|Any CPU.ActiveCfg = Debug|Any CPU
		{0BABD344-7F47-44DC-B751-A0F7E1E2087A}.Debug|Any CPU.Build.0 = Debug|Any CPU
		{0BABD344-7F47-44DC-B751-A0F7E1E2087A}.Release|Any CPU.ActiveCfg = Release|Any CPU
		{0BABD344-7F47-44DC-B751-A0F7E1E2087A}.Release|Any CPU.Build.0 = Release|Any CPU
	EndGlobalSection
	GlobalSection(SolutionProperties) = preSolution
		HideSolutionNode = FALSE
	EndGlobalSection
	GlobalSection(ExtensibilityGlobals) = postSolution
		SolutionGuid = {F889727E-B2F0-4F7A-931A-65A94C72FE57}
	EndGlobalSection
EndGlobal
